// !$*UTF8*$!
{
	archiveVersion = 1;
	classes = {
	};
	objectVersion = 46;
	objects = {

/* Begin PBXBuildFile section */
		CEF5090A1B7847BA006A5314 /* AppDelegate.swift in Sources */ = {isa = PBXBuildFile; fileRef = CEF509091B7847BA006A5314 /* AppDelegate.swift */; };
		CEF5090C1B7847BA006A5314 /* ViewController.swift in Sources */ = {isa = PBXBuildFile; fileRef = CEF5090B1B7847BA006A5314 /* ViewController.swift */; };
		CEF5090F1B7847BA006A5314 /* Main.storyboard in Resources */ = {isa = PBXBuildFile; fileRef = CEF5090D1B7847BA006A5314 /* Main.storyboard */; };
		CEF509111B7847BA006A5314 /* Images.xcassets in Resources */ = {isa = PBXBuildFile; fileRef = CEF509101B7847BA006A5314 /* Images.xcassets */; };
		CEF509141B7847BA006A5314 /* LaunchScreen.xib in Resources */ = {isa = PBXBuildFile; fileRef = CEF509121B7847BA006A5314 /* LaunchScreen.xib */; };
		CEF509201B7847BA006A5314 /* StormyTests.swift in Sources */ = {isa = PBXBuildFile; fileRef = CEF5091F1B7847BA006A5314 /* StormyTests.swift */; };
		CEF5092C1B784DFB006A5314 /* CurrentWeather.plist in Resources */ = {isa = PBXBuildFile; fileRef = CEF5092B1B784DFB006A5314 /* CurrentWeather.plist */; };
		CEF5092E1B784E4F006A5314 /* CurrentWeather.swift in Sources */ = {isa = PBXBuildFile; fileRef = CEF5092D1B784E4F006A5314 /* CurrentWeather.swift */; };
/* End PBXBuildFile section */

/* Begin PBXContainerItemProxy section */
		CEF5091A1B7847BA006A5314 /* PBXContainerItemProxy */ = {
			isa = PBXContainerItemProxy;
			containerPortal = CEF508FC1B7847BA006A5314 /* Project object */;
			proxyType = 1;
			remoteGlobalIDString = CEF509031B7847BA006A5314;
			remoteInfo = Stormy;
		};
/* End PBXContainerItemProxy section */

/* Begin PBXFileReference section */
		CEF509041B7847BA006A5314 /* Stormy.app */ = {isa = PBXFileReference; explicitFileType = wrapper.application; includeInIndex = 0; path = Stormy.app; sourceTree = BUILT_PRODUCTS_DIR; };
		CEF509081B7847BA006A5314 /* Info.plist */ = {isa = PBXFileReference; lastKnownFileType = text.plist.xml; path = Info.plist; sourceTree = "<group>"; };
		CEF509091B7847BA006A5314 /* AppDelegate.swift */ = {isa = PBXFileReference; lastKnownFileType = sourcecode.swift; path = AppDelegate.swift; sourceTree = "<group>"; };
		CEF5090B1B7847BA006A5314 /* ViewController.swift */ = {isa = PBXFileReference; lastKnownFileType = sourcecode.swift; path = ViewController.swift; sourceTree = "<group>"; };
		CEF5090E1B7847BA006A5314 /* Base */ = {isa = PBXFileReference; lastKnownFileType = file.storyboard; name = Base; path = Base.lproj/Main.storyboard; sourceTree = "<group>"; };
		CEF509101B7847BA006A5314 /* Images.xcassets */ = {isa = PBXFileReference; lastKnownFileType = folder.assetcatalog; path = Images.xcassets; sourceTree = "<group>"; };
		CEF509131B7847BA006A5314 /* Base */ = {isa = PBXFileReference; lastKnownFileType = file.xib; name = Base; path = Base.lproj/LaunchScreen.xib; sourceTree = "<group>"; };
		CEF509191B7847BA006A5314 /* StormyTests.xctest */ = {isa = PBXFileReference; explicitFileType = wrapper.cfbundle; includeInIndex = 0; path = StormyTests.xctest; sourceTree = BUILT_PRODUCTS_DIR; };
		CEF5091E1B7847BA006A5314 /* Info.plist */ = {isa = PBXFileReference; lastKnownFileType = text.plist.xml; path = Info.plist; sourceTree = "<group>"; };
		CEF5091F1B7847BA006A5314 /* StormyTests.swift */ = {isa = PBXFileReference; lastKnownFileType = sourcecode.swift; path = StormyTests.swift; sourceTree = "<group>"; };
		CEF5092B1B784DFB006A5314 /* CurrentWeather.plist */ = {isa = PBXFileReference; fileEncoding = 4; lastKnownFileType = text.plist.xml; path = CurrentWeather.plist; sourceTree = "<group>"; };
		CEF5092D1B784E4F006A5314 /* CurrentWeather.swift */ = {isa = PBXFileReference; fileEncoding = 4; lastKnownFileType = sourcecode.swift; path = CurrentWeather.swift; sourceTree = "<group>"; };
/* End PBXFileReference section */

/* Begin PBXFrameworksBuildPhase section */
		CEF509011B7847BA006A5314 /* Frameworks */ = {
			isa = PBXFrameworksBuildPhase;
			buildActionMask = 2147483647;
			files = (
			);
			runOnlyForDeploymentPostprocessing = 0;
		};
		CEF509161B7847BA006A5314 /* Frameworks */ = {
			isa = PBXFrameworksBuildPhase;
			buildActionMask = 2147483647;
			files = (
			);
			runOnlyForDeploymentPostprocessing = 0;
		};
/* End PBXFrameworksBuildPhase section */

/* Begin PBXGroup section */
		CEF508FB1B7847BA006A5314 = {
			isa = PBXGroup;
			children = (
				CEF509061B7847BA006A5314 /* Stormy */,
				CEF5091C1B7847BA006A5314 /* StormyTests */,
				CEF509051B7847BA006A5314 /* Products */,
			);
			sourceTree = "<group>";
		};
		CEF509051B7847BA006A5314 /* Products */ = {
			isa = PBXGroup;
			children = (
				CEF509041B7847BA006A5314 /* Stormy.app */,
				CEF509191B7847BA006A5314 /* StormyTests.xctest */,
			);
			name = Products;
			sourceTree = "<group>";
		};
		CEF509061B7847BA006A5314 /* Stormy */ = {
			isa = PBXGroup;
			children = (
				CEF509091B7847BA006A5314 /* AppDelegate.swift */,
				CEF5090B1B7847BA006A5314 /* ViewController.swift */,
				CEF5090D1B7847BA006A5314 /* Main.storyboard */,
				CEF5092D1B784E4F006A5314 /* CurrentWeather.swift */,
				CEF509101B7847BA006A5314 /* Images.xcassets */,
				CEF509121B7847BA006A5314 /* LaunchScreen.xib */,
				CEF509071B7847BA006A5314 /* Supporting Files */,
			);
			path = Stormy;
			sourceTree = "<group>";
		};
		CEF509071B7847BA006A5314 /* Supporting Files */ = {
			isa = PBXGroup;
			children = (
				CEF5092B1B784DFB006A5314 /* CurrentWeather.plist */,
				CEF509081B7847BA006A5314 /* Info.plist */,
			);
			name = "Supporting Files";
			sourceTree = "<group>";
		};
		CEF5091C1B7847BA006A5314 /* StormyTests */ = {
			isa = PBXGroup;
			children = (
				CEF5091F1B7847BA006A5314 /* StormyTests.swift */,
				CEF5091D1B7847BA006A5314 /* Supporting Files */,
			);
			path = StormyTests;
			sourceTree = "<group>";
		};
		CEF5091D1B7847BA006A5314 /* Supporting Files */ = {
			isa = PBXGroup;
			children = (
				CEF5091E1B7847BA006A5314 /* Info.plist */,
			);
			name = "Supporting Files";
			sourceTree = "<group>";
		};
/* End PBXGroup section */

/* Begin PBXNativeTarget section */
		CEF509031B7847BA006A5314 /* Stormy */ = {
			isa = PBXNativeTarget;
			buildConfigurationList = CEF509231B7847BA006A5314 /* Build configuration list for PBXNativeTarget "Stormy" */;
			buildPhases = (
				CEF509001B7847BA006A5314 /* Sources */,
				CEF509011B7847BA006A5314 /* Frameworks */,
				CEF509021B7847BA006A5314 /* Resources */,
			);
			buildRules = (
			);
			dependencies = (
			);
			name = Stormy;
			productName = Stormy;
			productReference = CEF509041B7847BA006A5314 /* Stormy.app */;
			productType = "com.apple.product-type.application";
		};
		CEF509181B7847BA006A5314 /* StormyTests */ = {
			isa = PBXNativeTarget;
			buildConfigurationList = CEF509261B7847BA006A5314 /* Build configuration list for PBXNativeTarget "StormyTests" */;
			buildPhases = (
				CEF509151B7847BA006A5314 /* Sources */,
				CEF509161B7847BA006A5314 /* Frameworks */,
				CEF509171B7847BA006A5314 /* Resources */,
			);
			buildRules = (
			);
			dependencies = (
				CEF5091B1B7847BA006A5314 /* PBXTargetDependency */,
			);
			name = StormyTests;
			productName = StormyTests;
			productReference = CEF509191B7847BA006A5314 /* StormyTests.xctest */;
			productType = "com.apple.product-type.bundle.unit-test";
		};
/* End PBXNativeTarget section */

/* Begin PBXProject section */
		CEF508FC1B7847BA006A5314 /* Project object */ = {
			isa = PBXProject;
			attributes = {
				LastUpgradeCheck = 0640;
				ORGANIZATIONNAME = Treehouse;
				TargetAttributes = {
					CEF509031B7847BA006A5314 = {
						CreatedOnToolsVersion = 6.4;
					};
					CEF509181B7847BA006A5314 = {
						CreatedOnToolsVersion = 6.4;
						TestTargetID = CEF509031B7847BA006A5314;
					};
				};
			};
			buildConfigurationList = CEF508FF1B7847BA006A5314 /* Build configuration list for PBXProject "Stormy" */;
			compatibilityVersion = "Xcode 3.2";
			developmentRegion = English;
			hasScannedForEncodings = 0;
			knownRegions = (
				en,
				Base,
			);
			mainGroup = CEF508FB1B7847BA006A5314;
			productRefGroup = CEF509051B7847BA006A5314 /* Products */;
			projectDirPath = "";
			projectRoot = "";
			targets = (
				CEF509031B7847BA006A5314 /* Stormy */,
				CEF509181B7847BA006A5314 /* StormyTests */,
			);
		};
/* End PBXProject section */

/* Begin PBXResourcesBuildPhase section */
		CEF509021B7847BA006A5314 /* Resources */ = {
			isa = PBXResourcesBuildPhase;
			buildActionMask = 2147483647;
			files = (
				CEF5090F1B7847BA006A5314 /* Main.storyboard in Resources */,
				CEF5092C1B784DFB006A5314 /* CurrentWeather.plist in Resources */,
				CEF509141B7847BA006A5314 /* LaunchScreen.xib in Resources */,
				CEF509111B7847BA006A5314 /* Images.xcassets in Resources */,
			);
			runOnlyForDeploymentPostprocessing = 0;
		};
		CEF509171B7847BA006A5314 /* Resources */ = {
			isa = PBXResourcesBuildPhase;
			buildActionMask = 2147483647;
			files = (
			);
			runOnlyForDeploymentPostprocessing = 0;
		};
/* End PBXResourcesBuildPhase section */

/* Begin PBXSourcesBuildPhase section */
		CEF509001B7847BA006A5314 /* Sources */ = {
			isa = PBXSourcesBuildPhase;
			buildActionMask = 2147483647;
			files = (
				CEF5090C1B7847BA006A5314 /* ViewController.swift in Sources */,
				CEF5092E1B784E4F006A5314 /* CurrentWeather.swift in Sources */,
				CEF5090A1B7847BA006A5314 /* AppDelegate.swift in Sources */,
			);
			runOnlyForDeploymentPostprocessing = 0;
		};
		CEF509151B7847BA006A5314 /* Sources */ = {
			isa = PBXSourcesBuildPhase;
			buildActionMask = 2147483647;
			files = (
				CEF509201B7847BA006A5314 /* StormyTests.swift in Sources */,
			);
			runOnlyForDeploymentPostprocessing = 0;
		};
/* End PBXSourcesBuildPhase section */

/* Begin PBXTargetDependency section */
		CEF5091B1B7847BA006A5314 /* PBXTargetDependency */ = {
			isa = PBXTargetDependency;
			target = CEF509031B7847BA006A5314 /* Stormy */;
			targetProxy = CEF5091A1B7847BA006A5314 /* PBXContainerItemProxy */;
		};
/* End PBXTargetDependency section */

/* Begin PBXVariantGroup section */
		CEF5090D1B7847BA006A5314 /* Main.storyboard */ = {
			isa = PBXVariantGroup;
			children = (
				CEF5090E1B7847BA006A5314 /* Base */,
			);
			name = Main.storyboard;
			sourceTree = "<group>";
		};
		CEF509121B7847BA006A5314 /* LaunchScreen.xib */ = {
			isa = PBXVariantGroup;
			children = (
				CEF509131B7847BA006A5314 /* Base */,
			);
			name = LaunchScreen.xib;
			sourceTree = "<group>";
		};
/* End PBXVariantGroup section */

/* Begin XCBuildConfiguration section */
		CEF509211B7847BA006A5314 /* Debug */ = {
			isa = XCBuildConfiguration;
			buildSettings = {
				ALWAYS_SEARCH_USER_PATHS = NO;
				CLANG_CXX_LANGUAGE_STANDARD = "gnu++0x";
				CLANG_CXX_LIBRARY = "libc++";
				CLANG_ENABLE_MODULES = YES;
				CLANG_ENABLE_OBJC_ARC = YES;
				CLANG_WARN_BOOL_CONVERSION = YES;
				CLANG_WARN_CONSTANT_CONVERSION = YES;
				CLANG_WARN_DIRECT_OBJC_ISA_USAGE = YES_ERROR;
				CLANG_WARN_EMPTY_BODY = YES;
				CLANG_WARN_ENUM_CONVERSION = YES;
				CLANG_WARN_INT_CONVERSION = YES;
				CLANG_WARN_OBJC_ROOT_CLASS = YES_ERROR;
				CLANG_WARN_UNREACHABLE_CODE = YES;
				CLANG_WARN__DUPLICATE_METHOD_MATCH = YES;
				"CODE_SIGN_IDENTITY[sdk=iphoneos*]" = "iPhone Developer";
				COPY_PHASE_STRIP = NO;
				DEBUG_INFORMATION_FORMAT = "dwarf-with-dsym";
				ENABLE_STRICT_OBJC_MSGSEND = YES;
				GCC_C_LANGUAGE_STANDARD = gnu99;
				GCC_DYNAMIC_NO_PIC = NO;
				GCC_NO_COMMON_BLOCKS = YES;
				GCC_OPTIMIZATION_LEVEL = 0;
				GCC_PREPROCESSOR_DEFINITIONS = (
					"DEBUG=1",
					"$(inherited)",
				);
				GCC_SYMBOLS_PRIVATE_EXTERN = NO;
				GCC_WARN_64_TO_32_BIT_CONVERSION = YES;
				GCC_WARN_ABOUT_RETURN_TYPE = YES_ERROR;
				GCC_WARN_UNDECLARED_SELECTOR = YES;
				GCC_WARN_UNINITIALIZED_AUTOS = YES_AGGRESSIVE;
				GCC_WARN_UNUSED_FUNCTION = YES;
				GCC_WARN_UNUSED_VARIABLE = YES;
				IPHONEOS_DEPLOYMENT_TARGET = 8.4;
				MTL_ENABLE_DEBUG_INFO = YES;
				ONLY_ACTIVE_ARCH = YES;
				SDKROOT = iphoneos;
				SWIFT_OPTIMIZATION_LEVEL = "-Onone";
			};
			name = Debug;
		};
		CEF509221B7847BA006A5314 /* Release */ = {
			isa = XCBuildConfiguration;
			buildSettings = {
				ALWAYS_SEARCH_USER_PATHS = NO;
				CLANG_CXX_LANGUAGE_STANDARD = "gnu++0x";
				CLANG_CXX_LIBRARY = "libc++";
				CLANG_ENABLE_MODULES = YES;
				CLANG_ENABLE_OBJC_ARC = YES;
				CLANG_WARN_BOOL_CONVERSION = YES;
				CLANG_WARN_CONSTANT_CONVERSION = YES;
				CLANG_WARN_DIRECT_OBJC_ISA_USAGE = YES_ERROR;
				CLANG_WARN_EMPTY_BODY = YES;
				CLANG_WARN_ENUM_CONVERSION = YES;
				CLANG_WARN_INT_CONVERSION = YES;
				CLANG_WARN_OBJC_ROOT_CLASS = YES_ERROR;
				CLANG_WARN_UNREACHABLE_CODE = YES;
				CLANG_WARN__DUPLICATE_METHOD_MATCH = YES;
				"CODE_SIGN_IDENTITY[sdk=iphoneos*]" = "iPhone Developer";
				COPY_PHASE_STRIP = NO;
				DEBUG_INFORMATION_FORMAT = "dwarf-with-dsym";
				ENABLE_NS_ASSERTIONS = NO;
				ENABLE_STRICT_OBJC_MSGSEND = YES;
				GCC_C_LANGUAGE_STANDARD = gnu99;
				GCC_NO_COMMON_BLOCKS = YES;
				GCC_WARN_64_TO_32_BIT_CONVERSION = YES;
				GCC_WARN_ABOUT_RETURN_TYPE = YES_ERROR;
				GCC_WARN_UNDECLARED_SELECTOR = YES;
				GCC_WARN_UNINITIALIZED_AUTOS = YES_AGGRESSIVE;
				GCC_WARN_UNUSED_FUNCTION = YES;
				GCC_WARN_UNUSED_VARIABLE = YES;
				IPHONEOS_DEPLOYMENT_TARGET = 8.4;
				MTL_ENABLE_DEBUG_INFO = NO;
				SDKROOT = iphoneos;
				VALIDATE_PRODUCT = YES;
			};
			name = Release;
		};
		CEF509241B7847BA006A5314 /* Debug */ = {
			isa = XCBuildConfiguration;
			buildSettings = {
				ASSETCATALOG_COMPILER_APPICON_NAME = AppIcon;
				INFOPLIST_FILE = Stormy/Info.plist;
				LD_RUNPATH_SEARCH_PATHS = "$(inherited) @executable_path/Frameworks";
				PRODUCT_NAME = "$(TARGET_NAME)";
			};
			name = Debug;
		};
		CEF509251B7847BA006A5314 /* Release */ = {
			isa = XCBuildConfiguration;
			buildSettings = {
				ASSETCATALOG_COMPILER_APPICON_NAME = AppIcon;
				INFOPLIST_FILE = Stormy/Info.plist;
				LD_RUNPATH_SEARCH_PATHS = "$(inherited) @executable_path/Frameworks";
				PRODUCT_NAME = "$(TARGET_NAME)";
			};
			name = Release;
		};
		CEF509271B7847BA006A5314 /* Debug */ = {
			isa = XCBuildConfiguration;
			buildSettings = {
				BUNDLE_LOADER = "$(TEST_HOST)";
				FRAMEWORK_SEARCH_PATHS = (
					"$(SDKROOT)/Developer/Library/Frameworks",
					"$(inherited)",
				);
				GCC_PREPROCESSOR_DEFINITIONS = (
					"DEBUG=1",
					"$(inherited)",
				);
				INFOPLIST_FILE = StormyTests/Info.plist;
				LD_RUNPATH_SEARCH_PATHS = "$(inherited) @executable_path/Frameworks @loader_path/Frameworks";
				PRODUCT_NAME = "$(TARGET_NAME)";
				TEST_HOST = "$(BUILT_PRODUCTS_DIR)/Stormy.app/Stormy";
			};
			name = Debug;
		};
		CEF509281B7847BA006A5314 /* Release */ = {
			isa = XCBuildConfiguration;
			buildSettings = {
				BUNDLE_LOADER = "$(TEST_HOST)";
				FRAMEWORK_SEARCH_PATHS = (
					"$(SDKROOT)/Developer/Library/Frameworks",
					"$(inherited)",
				);
				INFOPLIST_FILE = StormyTests/Info.plist;
				LD_RUNPATH_SEARCH_PATHS = "$(inherited) @executable_path/Frameworks @loader_path/Frameworks";
				PRODUCT_NAME = "$(TARGET_NAME)";
				TEST_HOST = "$(BUILT_PRODUCTS_DIR)/Stormy.app/Stormy";
			};
			name = Release;
		};
/* End XCBuildConfiguration section */

/* Begin XCConfigurationList section */
		CEF508FF1B7847BA006A5314 /* Build configuration list for PBXProject "Stormy" */ = {
			isa = XCConfigurationList;
			buildConfigurations = (
				CEF509211B7847BA006A5314 /* Debug */,
				CEF509221B7847BA006A5314 /* Release */,
			);
			defaultConfigurationIsVisible = 0;
			defaultConfigurationName = Release;
		};
		CEF509231B7847BA006A5314 /* Build configuration list for PBXNativeTarget "Stormy" */ = {
			isa = XCConfigurationList;
			buildConfigurations = (
				CEF509241B7847BA006A5314 /* Debug */,
				CEF509251B7847BA006A5314 /* Release */,
			);
			defaultConfigurationIsVisible = 0;
		};
		CEF509261B7847BA006A5314 /* Build configuration list for PBXNativeTarget "StormyTests" */ = {
			isa = XCConfigurationList;
			buildConfigurations = (
				CEF509271B7847BA006A5314 /* Debug */,
				CEF509281B7847BA006A5314 /* Release */,
			);
			defaultConfigurationIsVisible = 0;
		};
/* End XCConfigurationList section */
	};
	rootObject = CEF508FC1B7847BA006A5314 /* Project object */;
}
